Microsoft Visual Studio Solution File, Format Version 12.00
# Visual Studio Version 17
VisualStudioVersion = 17.5.33516.290
MinimumVisualStudioVersion = 10.0.40219.1
Project("{C903F9D1-118B-4143-B32D-A14BA53BB4DA}") = "IL.RulesBasedOutputCache", "Code\IL.RulesBasedOutputCache\IL.RulesBasedOutputCache.csproj", "{3A86108C-9148-4CC8-9AF7-9849269B1E12}"
EndProject
Global
	GlobalSection(SolutionConfigurationPlatforms) = preSolution
		Debug|Any CPU = Debug|Any CPU
		Release|Any CPU = Release|Any CPU
	EndGlobalSection
	GlobalSection(ProjectConfigurationPlatforms) = postSolution
		{3A86108C-9148-4CC8-9AF7-9849269B1E12}.Debug|Any CPU.ActiveCfg = Debug|Any CPU
		{3A86108C-9148-4CC8-9AF7-9849269B1E12}.Debug|Any CPU.Build.0 = Debug|Any CPU
		{3A86108C-9148-4CC8-9AF7-9849269B1E12}.Release|Any CPU.ActiveCfg = Release|Any CPU
		{3A86108C-9148-4CC8-9AF7-9849269B1E12}.Release|Any CPU.Build.0 = Release|Any CPU
	EndGlobalSection
	GlobalSection(SolutionProperties) = preSolution
		HideSolutionNode = FALSE
	EndGlobalSection
	GlobalSection(ExtensibilityGlobals) = postSolution
		SolutionGuid = {82A881CE-08E6-463D-A70E-DD4E8851B580}
	EndGlobalSection
EndGlobal
